
Microsoft Visual Studio Solution File, Format Version 12.00
# Visual Studio Version 16
VisualStudioVersion = 16.0.30204.135
MinimumVisualStudioVersion = 10.0.40219.1
Project("{9A19103F-16F7-4668-BE54-9A1E7A4F7556}") = "IOCDL.Web", "IOCDL.Web\IOCDL.Web.csproj", "{3BF554D1-DDE0-456E-9296-2E65F6C25819}"
EndProject
Project("{9A19103F-16F7-4668-BE54-9A1E7A4F7556}") = "IOCDL.ConsoleProject", "IOCDL.Console\IOCDL.ConsoleProject.csproj", "{D7E4201A-FB2F-41A5-8289-A541F80E1972}"
EndProject
Project("{FAE04EC0-301F-11D3-BF4B-00C04F79EFBC}") = "IOCDL.BLL", "IOCDL.BLL\IOCDL.BLL.csproj", "{BC9F92A5-45F1-419D-9207-96FCC2E36BDF}"
EndProject
Project("{FAE04EC0-301F-11D3-BF4B-00C04F79EFBC}") = "IOCDL.IBLL", "IOCDL.IBLL\IOCDL.IBLL.csproj", "{B4C92222-7D53-4D44-AA2D-B639CE0C46AA}"
EndProject
Project("{FAE04EC0-301F-11D3-BF4B-00C04F79EFBC}") = "IOCDL.Framework", "IOCDL.Framework\IOCDL.Framework.csproj", "{9364C576-CE58-4CD6-98E4-0F2EC6955FA3}"
EndProject
Project("{FAE04EC0-301F-11D3-BF4B-00C04F79EFBC}") = "IOCDL.DAL", "IOCDL.DAL\IOCDL.DAL.csproj", "{803400FF-B8FB-4447-9907-A331E0FB4383}"
EndProject
Project("{FAE04EC0-301F-11D3-BF4B-00C04F79EFBC}") = "IOCDL.IDAL", "IOCDL.IDAL\IOCDL.IDAL.csproj", "{080BE6B9-76D3-45FF-B91F-196F9AD0FDF8}"
EndProject
Project("{2150E333-8FDC-42A3-9474-1A3956D46DE8}") = "2BLL", "2BLL", "{0AF1BD43-FF97-4C2D-AD6E-8BCB3A9D1BDF}"
EndProject
Project("{2150E333-8FDC-42A3-9474-1A3956D46DE8}") = "3DAL", "3DAL", "{1BAB230B-DFE4-4E09-BC9F-CDE4BEAF7D73}"
EndProject
Project("{2150E333-8FDC-42A3-9474-1A3956D46DE8}") = "4Common", "4Common", "{D9FC7141-1673-4FD6-B7AC-7200CCD7A422}"
EndProject
Project("{2150E333-8FDC-42A3-9474-1A3956D46DE8}") = "5OtherService", "5OtherService", "{D27412BC-1025-42C7-9B36-9531E075E735}"
EndProject
Project("{2150E333-8FDC-42A3-9474-1A3956D46DE8}") = "1UI", "1UI", "{2F4A49D7-B37A-449E-AB0B-D49031F011C1}"
EndProject
Project("{FAE04EC0-301F-11D3-BF4B-00C04F79EFBC}") = "IOCDL.Interface", "IOCDL.Interface\IOCDL.Interface.csproj", "{6E4A0888-117B-4B7F-8F7C-EA04B21A3C7F}"
EndProject
Project("{FAE04EC0-301F-11D3-BF4B-00C04F79EFBC}") = "IOCDL.Service", "IOCDL.service\IOCDL.Service.csproj", "{6AB2A774-1D82-401C-A3B4-19EFB4DD3E6D}"
EndProject
Global
	GlobalSection(SolutionConfigurationPlatforms) = preSolution
		Debug|Any CPU = Debug|Any CPU
		Release|Any CPU = Release|Any CPU
	EndGlobalSection
	GlobalSection(ProjectConfigurationPlatforms) = postSolution
		{3BF554D1-DDE0-456E-9296-2E65F6C25819}.Debug|Any CPU.ActiveCfg = Debug|Any CPU
		{3BF554D1-DDE0-456E-9296-2E65F6C25819}.Debug|Any CPU.Build.0 = Debug|Any CPU
		{3BF554D1-DDE0-456E-9296-2E65F6C25819}.Release|Any CPU.ActiveCfg = Release|Any CPU
		{3BF554D1-DDE0-456E-9296-2E65F6C25819}.Release|Any CPU.Build.0 = Release|Any CPU
		{D7E4201A-FB2F-41A5-8289-A541F80E1972}.Debug|Any CPU.ActiveCfg = Debug|Any CPU
		{D7E4201A-FB2F-41A5-8289-A541F80E1972}.Debug|Any CPU.Build.0 = Debug|Any CPU
		{D7E4201A-FB2F-41A5-8289-A541F80E1972}.Release|Any CPU.ActiveCfg = Release|Any CPU
		{D7E4201A-FB2F-41A5-8289-A541F80E1972}.Release|Any CPU.Build.0 = Release|Any CPU
		{BC9F92A5-45F1-419D-9207-96FCC2E36BDF}.Debug|Any CPU.ActiveCfg = Debug|Any CPU
		{BC9F92A5-45F1-419D-9207-96FCC2E36BDF}.Debug|Any CPU.Build.0 = Debug|Any CPU
		{BC9F92A5-45F1-419D-9207-96FCC2E36BDF}.Release|Any CPU.ActiveCfg = Release|Any CPU
		{BC9F92A5-45F1-419D-9207-96FCC2E36BDF}.Release|Any CPU.Build.0 = Release|Any CPU
		{B4C92222-7D53-4D44-AA2D-B639CE0C46AA}.Debug|Any CPU.ActiveCfg = Debug|Any CPU
		{B4C92222-7D53-4D44-AA2D-B639CE0C46AA}.Debug|Any CPU.Build.0 = Debug|Any CPU
		{B4C92222-7D53-4D44-AA2D-B639CE0C46AA}.Release|Any CPU.ActiveCfg = Release|Any CPU
		{B4C92222-7D53-4D44-AA2D-B639CE0C46AA}.Release|Any CPU.Build.0 = Release|Any CPU
		{9364C576-CE58-4CD6-98E4-0F2EC6955FA3}.Debug|Any CPU.ActiveCfg = Debug|Any CPU
		{9364C576-CE58-4CD6-98E4-0F2EC6955FA3}.Debug|Any CPU.Build.0 = Debug|Any CPU
		{9364C576-CE58-4CD6-98E4-0F2EC6955FA3}.Release|Any CPU.ActiveCfg = Release|Any CPU
		{9364C576-CE58-4CD6-98E4-0F2EC6955FA3}.Release|Any CPU.Build.0 = Release|Any CPU
		{803400FF-B8FB-4447-9907-A331E0FB4383}.Debug|Any CPU.ActiveCfg = Debug|Any CPU
		{803400FF-B8FB-4447-9907-A331E0FB4383}.Debug|Any CPU.Build.0 = Debug|Any CPU
		{803400FF-B8FB-4447-9907-A331E0FB4383}.Release|Any CPU.ActiveCfg = Release|Any CPU
		{803400FF-B8FB-4447-9907-A331E0FB4383}.Release|Any CPU.Build.0 = Release|Any CPU
		{080BE6B9-76D3-45FF-B91F-196F9AD0FDF8}.Debug|Any CPU.ActiveCfg = Debug|Any CPU
		{080BE6B9-76D3-45FF-B91F-196F9AD0FDF8}.Debug|Any CPU.Build.0 = Debug|Any CPU
		{080BE6B9-76D3-45FF-B91F-196F9AD0FDF8}.Release|Any CPU.ActiveCfg = Release|Any CPU
		{080BE6B9-76D3-45FF-B91F-196F9AD0FDF8}.Release|Any CPU.Build.0 = Release|Any CPU
		{6E4A0888-117B-4B7F-8F7C-EA04B21A3C7F}.Debug|Any CPU.ActiveCfg = Debug|Any CPU
		{6E4A0888-117B-4B7F-8F7C-EA04B21A3C7F}.Debug|Any CPU.Build.0 = Debug|Any CPU
		{6E4A0888-117B-4B7F-8F7C-EA04B21A3C7F}.Release|Any CPU.ActiveCfg = Release|Any CPU
		{6E4A0888-117B-4B7F-8F7C-EA04B21A3C7F}.Release|Any CPU.Build.0 = Release|Any CPU
		{6AB2A774-1D82-401C-A3B4-19EFB4DD3E6D}.Debug|Any CPU.ActiveCfg = Debug|Any CPU
		{6AB2A774-1D82-401C-A3B4-19EFB4DD3E6D}.Debug|Any CPU.Build.0 = Debug|Any CPU
		{6AB2A774-1D82-401C-A3B4-19EFB4DD3E6D}.Release|Any CPU.ActiveCfg = Release|Any CPU
		{6AB2A774-1D82-401C-A3B4-19EFB4DD3E6D}.Release|Any CPU.Build.0 = Release|Any CPU
	EndGlobalSection
	GlobalSection(SolutionProperties) = preSolution
		HideSolutionNode = FALSE
	EndGlobalSection
	GlobalSection(NestedProjects) = preSolution
		{3BF554D1-DDE0-456E-9296-2E65F6C25819} = {2F4A49D7-B37A-449E-AB0B-D49031F011C1}
		{D7E4201A-FB2F-41A5-8289-A541F80E1972} = {2F4A49D7-B37A-449E-AB0B-D49031F011C1}
		{BC9F92A5-45F1-419D-9207-96FCC2E36BDF} = {0AF1BD43-FF97-4C2D-AD6E-8BCB3A9D1BDF}
		{B4C92222-7D53-4D44-AA2D-B639CE0C46AA} = {0AF1BD43-FF97-4C2D-AD6E-8BCB3A9D1BDF}
		{9364C576-CE58-4CD6-98E4-0F2EC6955FA3} = {D9FC7141-1673-4FD6-B7AC-7200CCD7A422}
		{803400FF-B8FB-4447-9907-A331E0FB4383} = {1BAB230B-DFE4-4E09-BC9F-CDE4BEAF7D73}
		{080BE6B9-76D3-45FF-B91F-196F9AD0FDF8} = {1BAB230B-DFE4-4E09-BC9F-CDE4BEAF7D73}
		{6E4A0888-117B-4B7F-8F7C-EA04B21A3C7F} = {D27412BC-1025-42C7-9B36-9531E075E735}
		{6AB2A774-1D82-401C-A3B4-19EFB4DD3E6D} = {D27412BC-1025-42C7-9B36-9531E075E735}
	EndGlobalSection
	GlobalSection(ExtensibilityGlobals) = postSolution
		SolutionGuid = {30DE2CB7-C05A-46B3-8807-AF6ADA7C609C}
	EndGlobalSection
EndGlobal
